
Microsoft Visual Studio Solution File, Format Version 12.00
# Visual Studio 15
VisualStudioVersion = 15.0.26430.16
MinimumVisualStudioVersion = 10.0.40219.1
Project("{FAE04EC0-301F-11D3-BF4B-00C04F79EFBC}") = "ShopBridge", "ShopBridge\ShopBridge.csproj", "{EDF1106E-1C7C-4106-B413-AAC314AB6DE8}"
EndProject
Project("{FAE04EC0-301F-11D3-BF4B-00C04F79EFBC}") = "ShopBridge.Tests", "ShopBridge.Tests\ShopBridge.Tests.csproj", "{497D9671-3F01-449A-8B16-A4F611691C4F}"
EndProject
Global
	GlobalSection(SolutionConfigurationPlatforms) = preSolution
		Debug|Any CPU = Debug|Any CPU
		Release|Any CPU = Release|Any CPU
	EndGlobalSection
	GlobalSection(ProjectConfigurationPlatforms) = postSolution
		{EDF1106E-1C7C-4106-B413-AAC314AB6DE8}.Debug|Any CPU.ActiveCfg = Debug|Any CPU
		{EDF1106E-1C7C-4106-B413-AAC314AB6DE8}.Debug|Any CPU.Build.0 = Debug|Any CPU
		{EDF1106E-1C7C-4106-B413-AAC314AB6DE8}.Release|Any CPU.ActiveCfg = Release|Any CPU
		{EDF1106E-1C7C-4106-B413-AAC314AB6DE8}.Release|Any CPU.Build.0 = Release|Any CPU
		{497D9671-3F01-449A-8B16-A4F611691C4F}.Debug|Any CPU.ActiveCfg = Debug|Any CPU
		{497D9671-3F01-449A-8B16-A4F611691C4F}.Debug|Any CPU.Build.0 = Debug|Any CPU
		{497D9671-3F01-449A-8B16-A4F611691C4F}.Release|Any CPU.ActiveCfg = Release|Any CPU
		{497D9671-3F01-449A-8B16-A4F611691C4F}.Release|Any CPU.Build.0 = Release|Any CPU
	EndGlobalSection
	GlobalSection(SolutionProperties) = preSolution
		HideSolutionNode = FALSE
	EndGlobalSection
EndGlobal
